
Microsoft Visual Studio Solution File, Format Version 12.00
# Visual Studio 14
VisualStudioVersion = 14.0.23107.0
MinimumVisualStudioVersion = 10.0.40219.1
Project("{2150E333-8FDC-42A3-9474-1A3956D46DE8}") = "src", "src", "{27D8359E-9E85-4D59-9153-E0EC296A9499}"
EndProject
Project("{2150E333-8FDC-42A3-9474-1A3956D46DE8}") = "Solution Items", "Solution Items", "{781ACA0F-4A88-4D3B-9CC0-79AD859426E4}"
	ProjectSection(SolutionItems) = preProject
		global.json = global.json
		NuGet.Config = NuGet.Config
	EndProjectSection
EndProject
Project("{8BB2217D-0F2D-49D1-97BC-3654ED321F3B}") = "bugur", "src\bugur\bugur.xproj", "{FEAE290C-9F60-4EFC-952D-3288D396EE84}"
EndProject
Global
	GlobalSection(SolutionConfigurationPlatforms) = preSolution
		Debug|Any CPU = Debug|Any CPU
		Release|Any CPU = Release|Any CPU
	EndGlobalSection
	GlobalSection(ProjectConfigurationPlatforms) = postSolution
		{FEAE290C-9F60-4EFC-952D-3288D396EE84}.Debug|Any CPU.ActiveCfg = Debug|Any CPU
		{FEAE290C-9F60-4EFC-952D-3288D396EE84}.Debug|Any CPU.Build.0 = Debug|Any CPU
		{FEAE290C-9F60-4EFC-952D-3288D396EE84}.Release|Any CPU.ActiveCfg = Release|Any CPU
		{FEAE290C-9F60-4EFC-952D-3288D396EE84}.Release|Any CPU.Build.0 = Release|Any CPU
	EndGlobalSection
	GlobalSection(SolutionProperties) = preSolution
		HideSolutionNode = FALSE
	EndGlobalSection
	GlobalSection(NestedProjects) = preSolution
		{FEAE290C-9F60-4EFC-952D-3288D396EE84} = {27D8359E-9E85-4D59-9153-E0EC296A9499}
	EndGlobalSection
EndGlobal
